FORGE
  remote: http://forge.puppetlabs.com
  specs:
    maestrodev/android (1.0.1)
      maestrodev/wget (>= 0.0.1)
    maestrodev/ant (1.0.4)
      maestrodev/wget (>= 0.0.1)
    maestrodev/archiva (1.0.1)
      maestrodev/wget (>= 1.0.0)
    maestrodev/git (1.0.0)
    maestrodev/jenkins (1.0.1)
    maestrodev/maven (1.0.0)
      maestrodev/wget (>= 0.0.1)
    maestrodev/rvm (1.0.0)
    maestrodev/sonar (1.0.0)
      maestrodev/maven (>= 0.0.2)
      maestrodev/wget (>= 0.0.1)
      puppetlabs/stdlib (>= 2.3.0)
    maestrodev/ssh_keygen (1.0.0)
    maestrodev/svn (1.0.0)
    maestrodev/wget (1.1.0)
    puppetlabs/apt (1.1.0)
      puppetlabs/stdlib (>= 2.2.1)
    puppetlabs/firewall (0.2.1)
    puppetlabs/postgresql (2.1.1)
      puppetlabs/apt (< 2.0.0, >= 1.1.0)
      puppetlabs/firewall (>= 0.0.4)
      puppetlabs/stdlib (< 4.0.0, >= 3.2.0)
      ripienaar/concat (>= 0.2.0)
    puppetlabs/stdlib (3.2.0)
    ripienaar/concat (0.2.0)

GIT
  remote: https://github.com/maestrodev/puppet-maestro.git
  ref: master
  sha: d97a817544cb43d915a6df5d6724352ee5addc90
  specs:
    maestrodev/maestro (1.0.2)
      maestrodev/maven (>= 1.0.0)
      maestrodev/wget (>= 1.0.0)
      puppetlabs/postgresql (>= 2.0.1)
      puppetlabs/stdlib (>= 2.5.1)

GIT
  remote: https://github.com/maestrodev/puppet-maestro_nodes.git
  ref: master
  sha: cfb70e7872bd4f80b431c51d3acdcf89745276fa
  specs:
    maestrodev/maestro_nodes (1.0.3)
      maestrodev/android (>= 1.0.0)
      maestrodev/ant (>= 1.0.3)
      maestrodev/archiva (~> 1.0)
      maestrodev/git (~> 1.0)
      maestrodev/jenkins (~> 1.0)
      maestrodev/maestro (>= 1.0.0)
      maestrodev/maven (>= 0.0.2)
      maestrodev/rvm (~> 1.0)
      maestrodev/sonar (~> 1.0)
      maestrodev/ssh_keygen (~> 1.0)
      maestrodev/svn (~> 1.0)

DEPENDENCIES
  maestrodev/maestro (>= 0)
  maestrodev/maestro_nodes (>= 0)

