FORGE
  remote: http://forge.puppetlabs.com
  specs:
    maestrodev/android (1.1.9)
      maestrodev/wget (>= 1.0.0)
      puppetlabs/stdlib (>= 3.2.0)
    maestrodev/maestro (1.4.6)
      maestrodev/maven (>= 1.0.0)
      maestrodev/wget (>= 1.3.0)
      puppetlabs/postgresql (< 3.0.0, >= 2.0.1)
      puppetlabs/stdlib (>= 3.2.0)
    maestrodev/maven (1.1.9)
      maestrodev/wget (>= 1.0.0)
    maestrodev/wget (1.3.1)
    puppetlabs/apt (1.4.0)
      puppetlabs/stdlib (>= 2.2.1)
    puppetlabs/firewall (0.4.2)
    puppetlabs/postgresql (2.5.0)
      puppetlabs/apt (< 2.0.0, >= 1.1.0)
      puppetlabs/firewall (>= 0.0.4)
      puppetlabs/stdlib (< 5.0.0, >= 3.2.0)
      ripienaar/concat (>= 0.2.0)
    puppetlabs/stdlib (4.1.0)
    ripienaar/concat (0.2.0)

DEPENDENCIES
  maestrodev/android (>= 1.1.6)
  maestrodev/maestro (>= 1.4.6)
  puppetlabs/postgresql (>= 2.0.1)

